<?xml version="1.0" encoding="utf-8"?>
<Project ToolsVersion="4.0" xmlns="http://schemas.microsoft.com/developer/msbuild/2003">
  <ItemGroup>
    <ClCompile Include="Glad\glad.c" />
    <ClCompile Include="Main\Main.cpp" />
    <ClCompile Include="System\Movement_System.cpp" />
    <ClCompile Include="Entity\Entity.cpp" />
    <ClCompile Include="Manager\ECS_Manager.cpp" />
    <ClCompile Include="Manager\Manager.cpp" />
    <ClCompile Include="Manager\Log_Manager.cpp" />
    <ClCompile Include="Utility\Clock.cpp" />
    <ClCompile Include="Manager\Game_Manager.cpp" />
    <ClCompile Include="Utility\Matrix3x3.cpp" />
    <ClCompile Include="Manager\FPS_Manager.cpp" />
    <ClCompile Include="Utility\FPS.cpp" />
    <ClCompile Include="Manager\Serialization_Manager.cpp" />
    <ClCompile Include="Utility\Vector2D.cpp" />
    <ClCompile Include="Manager\Input_Manager.cpp" />
    <ClCompile Include="System\Render_System.cpp" />
    <ClCompile Include="Manager\Graphics_Manager.cpp" />
    <ClCompile Include="System\Audio_System.cpp" />
    <ClCompile Include="Utility\Component_Parser.cpp" />
    <ClCompile Include="System\Collision_System.cpp" />
    <ClCompile Include="IMGUI\imgui.cpp" />
    <ClCompile Include="IMGUI\imgui_draw.cpp" />
    <ClCompile Include="IMGUI\imgui_internal.h" />
    <ClCompile Include="IMGUI\imgui_tables.cpp" />
    <ClCompile Include="IMGUI\imgui_widgets.cpp" />
    <ClCompile Include="IMGUI\imgui_impl_glfw.cpp" />
    <ClCompile Include="IMGUI\imgui_impl_opengl3.cpp" />
    <ClCompile Include="IMGUI\imconfig.h" />
    <ClCompile Include="IMGUI\imstb_rectpack.h" />
    <ClCompile Include="IMGUI\imstb_truetype.h" />
    <ClCompile Include="IMGUI\imstb_textedit.h" />
    <ClCompile Include="Manager\IMGUI_Manager.cpp" />
    <ClCompile Include="IMGUI\imgui_demo.cpp" />
    <ClCompile Include="Utility\Vector3D.cpp" />
    <ClCompile Include="System\GUI_System.cpp" />
    <ClCompile Include="System\Animation_System.cpp" />
    <ClCompile Include="System\Logic_System.cpp" />
    <ClCompile Include="Utility\Force_Helper.cpp" />
    <ClCompile Include="Manager\Assets_Manager.cpp" />
    <ClCompile Include="System\Interruption_System.cpp" />
    <ClCompile Include="Utility\Entity_Selector_Helper.cpp" />
    <ClCompile Include="Utility\Win_Control.cpp" />
  </ItemGroup>
  <ItemGroup>
    <ClInclude Include="Glad\glad.h" />
    <ClInclude Include="Main\Main.h" />
    <ClInclude Include="System\System.h" />
    <ClInclude Include="Manager\ECS_Manager.h" />
    <ClInclude Include="Entity\Entity.h" />
    <ClInclude Include="Component\Component.h" />
    <ClInclude Include="System\Movement_System.h" />
    <ClInclude Include="Manager\Manager.h" />
    <ClInclude Include="Manager\Log_Manager.h" />
    <ClInclude Include="Utility\Clock.h" />
    <ClInclude Include="Manager\Game_Manager.h" />
    <ClInclude Include="Utility\Matrix3x3.h" />
    <ClInclude Include="Manager\FPS_Manager.h" />
    <ClInclude Include="Utility\FPS.h" />
    <ClInclude Include="Manager\Serialization_Manager.h" />
    <ClInclude Include="Utility\Vector2D.h" />
    <ClInclude Include="Manager\Input_Manager.h" />
    <ClInclude Include="System\Render_System.h" />
    <ClInclude Include="Manager\Graphics_Manager.h" />
    <ClInclude Include="System\Audio_System.h" />
    <ClInclude Include="Utility\Component_Parser.h" />
    <ClInclude Include="System\Collision_System.h" />
    <ClInclude Include="Utility\Constant.h" />
    <ClInclude Include="IMGUI\imgui.h" />
    <ClInclude Include="IMGUI\imgui_impl_glfw.h" />
    <ClInclude Include="IMGUI\imgui_impl_opengl3.h" />
    <ClInclude Include="IMGUI\imgui_impl_opengl3_loader.h" />
    <ClInclude Include="Manager\IMGUI_Manager.h" />
    <ClInclude Include="Utility\Vector3D.h" />
    <ClInclude Include="Utility\Type.h" />
    <ClInclude Include="System\GUI_System.h" />
    <ClInclude Include="Utility\Globals.h" />
    <ClInclude Include="System\Animation_System.h" />
    <ClInclude Include="System\Logic_System.h" />
    <ClInclude Include="Utility\Force_Helper.h" />
    <ClInclude Include="Manager\Assets_Manager.h" />
    <ClInclude Include="System\Interruption_System.h" />
    <ClInclude Include="System\Header.h" />
    <ClInclude Include="Utility\Entity_Selector_Helper.h" />
    <ClInclude Include="Utility\Win_Control.h" />
  </ItemGroup>
  <ItemGroup>
    <None Include="Data\square.msh" />
    <None Include="Data\triangle.msh" />
    <None Include="Assets\Scenes\scene1.scn" />
    <None Include="Assets\Config\config.json" />
    <None Include="Assets\Scenes\scene2.scn" />
    <None Include="Assets\Level_Design\Level_Design.csv" />
    <None Include="Assets\Prefab\prefab.json" />
    <None Include="Assets\Level_Design\Level_Design_Small.csv" />
  </ItemGroup>
  <ItemGroup>
    <Media Include="Data\TapTapHeroes_Level 3&amp;4_BGM_Linear_85-BPM.wav" />
    <Media Include="Data\audio_test1.wav" />
    <Media Include="Data\audio_test2.wav" />
  </ItemGroup>
  <ItemGroup>
    <Image Include="Assets\Textures\Air_1.png" />
    <Image Include="Assets\Textures\Air_2.png" />
    <Image Include="Assets\Textures\Air_3.png" />
    <Image Include="Assets\Textures\Air_Batch_4.png" />
    <Image Include="Assets\Textures\Alexandrite_001_Batch_4.png" />
    <Image Include="Assets\Textures\Alexandrite_002_Batch 4.png" />
    <Image Include="Assets\Textures\Amethyst_001_Batch_4.png" />
    <Image Include="Assets\Textures\Amethyst_002_Batch 4.png" />
    <Image Include="Assets\Textures\BG.png" />
    <Image Include="Assets\Textures\Citrine_001_Batch_4.png" />
    <Image Include="Assets\Textures\Citrine_002_Batch 4.png" />
    <Image Include="Assets\Textures\Dirt mined_Batch 4.png" />
    <Image Include="Assets\Textures\Dirt.png" />
    <Image Include="Assets\Textures\Dirt_Batch_4.png" />
    <Image Include="Assets\Textures\Emerald_001_Batch_4.png" />
    <Image Include="Assets\Textures\Emerald_002_Batch 4.png" />
    <Image Include="Assets\Textures\Emerald_Geode.png" />
    <Image Include="Assets\Textures\Explosion radius_Batch 4.png" />
    <Image Include="Assets\Textures\Lava Vignette_Batch 4.png" />
    <Image Include="Assets\Textures\Lava_Batch_4.png" />
    <Image Include="Assets\Textures\Oxygen_Tank_Batch_4.png" />
    <Image Include="Assets\Textures\Oxygen_Refill_Green_circle.png" />
    <Image Include="Assets\Textures\Oxygen_Refill_Red_circle.png" />
    <Image Include="Assets\Textures\Prisoner.png" />
    <Image Include="Assets\Textures\Prisoner_Spritesheet.png" />
    <Image Include="Assets\Textures\Quartz_001_Batch_4.png" />
    <Image Include="Assets\Textures\Quartz_002_Batch 4.png" />
    <Image Include="Assets\Textures\Quartz_Geode.png" />
    <Image Include="Assets\Textures\Rock Mined_Batch 4.png" />
    <Image Include="Assets\Textures\Rock.png" />
    <Image Include="Assets\Textures\Rock_Batch_4.png" />
    <Image Include="Assets\Textures\Sapphire_001_Batch_4.png" />
    <Image Include="Assets\Textures\Sapphire_002_Batch 4.png" />
    <Image Include="Assets\Textures\Skybox_ALL.png" />
    <Image Include="Assets\Textures\Snowflake.png" />
    <Image Include="Assets\Textures\Spritesheet_Animate.png" />
    <Image Include="Assets\Textures\Sun.png" />
    <Image Include="Assets\Textures\TNT.png" />
    <Image Include="Assets\Textures\TNT_Batch_4.png" />
    <Image Include="Assets\Textures\Vent.png" />
    <Image Include="Assets\Textures\Wormhole.png" />
    <Image Include="Assets\Textures\Spritesheet_Test.png" />
  </ItemGroup>
  <ItemGroup>
    <Text Include="Assets\Textures\Prisoner_Atlas.txt" />
    <Text Include="Assets\Textures\Texture_Names.txt" />
  </ItemGroup>
</Project>