<?xml version="1.0" encoding="utf-8"?>
<Project ToolsVersion="4.0" xmlns="http://schemas.microsoft.com/developer/msbuild/2003">
  <ItemGroup>
    <ClCompile Include="Glad\glad.c" />
    <ClCompile Include="Main\Main.cpp" />
    <ClCompile Include="System\Movement_System.cpp" />
    <ClCompile Include="Entity\Entity.cpp" />
    <ClCompile Include="Manager\ECS_Manager.cpp" />
    <ClCompile Include="Manager\Manager.cpp" />
    <ClCompile Include="Manager\Log_Manager.cpp" />
    <ClCompile Include="Utility\Clock.cpp" />
    <ClCompile Include="Manager\Game_Manager.cpp" />
    <ClCompile Include="Utility\Matrix3x3.cpp" />
    <ClCompile Include="Manager\FPS_Manager.cpp" />
    <ClCompile Include="Utility\FPS.cpp" />
    <ClCompile Include="Manager\Serialization_Manager.cpp" />
    <ClCompile Include="Utility\Vector2D.cpp" />
    <ClCompile Include="Manager\Input_Manager.cpp" />
    <ClCompile Include="System\Render_System.cpp" />
    <ClCompile Include="Manager\Graphics_Manager.cpp" />
    <ClCompile Include="System\Audio_System.cpp" />
    <ClCompile Include="Utility\Component_Parser.cpp" />
    <ClCompile Include="System\Collision_System.cpp" />
    <ClCompile Include="IMGUI\imgui.cpp" />
    <ClCompile Include="IMGUI\imgui_draw.cpp" />
    <ClCompile Include="IMGUI\imgui_internal.h" />
    <ClCompile Include="IMGUI\imgui_tables.cpp" />
    <ClCompile Include="IMGUI\imgui_widgets.cpp" />
    <ClCompile Include="IMGUI\imgui_impl_glfw.cpp" />
    <ClCompile Include="IMGUI\imgui_impl_opengl3.cpp" />
    <ClCompile Include="IMGUI\imconfig.h" />
    <ClCompile Include="IMGUI\imstb_rectpack.h" />
    <ClCompile Include="IMGUI\imstb_truetype.h" />
    <ClCompile Include="IMGUI\imstb_textedit.h" />
    <ClCompile Include="Manager\IMGUI_Manager.cpp" />
    <ClCompile Include="IMGUI\imgui_demo.cpp" />
    <ClCompile Include="Utility\Vector3D.cpp" />
    <ClCompile Include="System\GUI_System.cpp" />
    <ClCompile Include="System\Animation_System.cpp" />
    <ClCompile Include="System\Logic_System.cpp" />
    <ClCompile Include="Manager\Assets_Manager.cpp" />
    <ClCompile Include="Utility\Force_Helper.cpp" />
  </ItemGroup>
  <ItemGroup>
    <ClInclude Include="Glad\glad.h" />
    <ClInclude Include="Main\Main.h" />
    <ClInclude Include="System\System.h" />
    <ClInclude Include="Manager\ECS_Manager.h" />
    <ClInclude Include="Entity\Entity.h" />
    <ClInclude Include="Component\Component.h" />
    <ClInclude Include="System\Movement_System.h" />
    <ClInclude Include="Manager\Manager.h" />
    <ClInclude Include="Manager\Log_Manager.h" />
    <ClInclude Include="Utility\Clock.h" />
    <ClInclude Include="Manager\Game_Manager.h" />
    <ClInclude Include="Utility\Matrix3x3.h" />
    <ClInclude Include="Manager\FPS_Manager.h" />
    <ClInclude Include="Utility\FPS.h" />
    <ClInclude Include="Manager\Serialization_Manager.h" />
    <ClInclude Include="Utility\Vector2D.h" />
    <ClInclude Include="Manager\Input_Manager.h" />
    <ClInclude Include="System\Render_System.h" />
    <ClInclude Include="Manager\Graphics_Manager.h" />
    <ClInclude Include="System\Audio_System.h" />
    <ClInclude Include="Utility\Component_Parser.h" />
    <ClInclude Include="System\Collision_System.h" />
    <ClInclude Include="Utility\Constant.h" />
    <ClInclude Include="IMGUI\imgui.h" />
    <ClInclude Include="IMGUI\imgui_impl_glfw.h" />
    <ClInclude Include="IMGUI\imgui_impl_opengl3.h" />
    <ClInclude Include="IMGUI\imgui_impl_opengl3_loader.h" />
    <ClInclude Include="Manager\IMGUI_Manager.h" />
    <ClInclude Include="Utility\Vector3D.h" />
    <ClInclude Include="Utility\Type.h" />
    <ClInclude Include="System\GUI_System.h" />
    <ClInclude Include="Utility\Globals.h" />
    <ClInclude Include="System\Animation_System.h" />
    <ClInclude Include="System\Logic_System.h" />
    <ClInclude Include="Manager\Assets_Manager.h" />
    <ClInclude Include="Utility\Force_Helper.h" />
  </ItemGroup>
  <ItemGroup>
    <None Include="Data\square.msh" />
    <None Include="Data\triangle.msh" />
    <None Include="Shaders\lack_of_oxygen_debug.frag" />
    <None Include="Shaders\lack_of_oxygen_debug.vert" />
    <None Include="Shaders\lack_of_oxygen_font.frag" />
    <None Include="Shaders\lack_of_oxygen_font.vert" />
    <None Include="Shaders\lack_of_oxygen_obj.frag" />
    <None Include="Shaders\lack_of_oxygen_obj.vert" />
    <None Include="Assets\Scenes\scene1.scn" />
    <None Include="Assets\Config\config.json" />
  </ItemGroup>
  <ItemGroup>
    <Media Include="Data\TapTapHeroes_Level 3&amp;4_BGM_Linear_85-BPM.wav" />
    <Media Include="Data\audio_test1.wav" />
    <Media Include="Data\audio_test2.wav" />
  </ItemGroup>
</Project>